<?xml version="1.0" encoding="utf-8"?>
<Project ToolsVersion="4.0" xmlns="http://schemas.microsoft.com/developer/msbuild/2003">
  <ItemGroup>
    <Filter Include="src">
      <UniqueIdentifier>{4FC737F1-C7A5-4376-A066-2A32D752A2FF}</UniqueIdentifier>
      <Extensions>cpp;c;cc;cxx;def;odl;idl;hpj;bat;asm;asmx</Extensions>
    </Filter>
    <Filter Include="src\stb">
      <UniqueIdentifier>{e8da48af-f906-4bee-923f-31eeb46976a6}</UniqueIdentifier>
    </Filter>
    <Filter Include="src\glew">
      <UniqueIdentifier>{6f9baf9e-f687-4dd1-a8d7-9abf088f0a1b}</UniqueIdentifier>
    </Filter>
  </ItemGroup>
  <ItemGroup>
    <ClCompile Include="..\src\SoyThread.cpp">
      <Filter>src</Filter>
    </ClCompile>
    <ClCompile Include="..\src\SoyOpengl.cpp">
      <Filter>src</Filter>
    </ClCompile>
    <ClCompile Include="..\src\SoyOpenglContext.cpp">
      <Filter>src</Filter>
    </ClCompile>
    <ClCompile Include="..\src\SoyRef.cpp">
      <Filter>src</Filter>
    </ClCompile>
    <ClCompile Include="..\src\SoyRingArray.cpp">
      <Filter>src</Filter>
    </ClCompile>
    <ClCompile Include="..\src\SoyScope.cpp">
      <Filter>src</Filter>
    </ClCompile>
    <ClCompile Include="..\src\SoyString.cpp">
      <Filter>src</Filter>
    </ClCompile>
    <ClCompile Include="..\src\SoyTime.cpp">
      <Filter>src</Filter>
    </ClCompile>
    <ClCompile Include="..\src\SoyTypes.cpp">
      <Filter>src</Filter>
    </ClCompile>
    <ClCompile Include="..\src\SoyVector.cpp">
      <Filter>src</Filter>
    </ClCompile>
    <ClCompile Include="..\src\SoyArray.cpp">
      <Filter>src</Filter>
    </ClCompile>
    <ClCompile Include="..\src\SoyAssert.cpp">
      <Filter>src</Filter>
    </ClCompile>
    <ClCompile Include="..\src\SoyDebug.cpp">
      <Filter>src</Filter>
    </ClCompile>
    <ClCompile Include="..\src\SoyPixels.cpp">
      <Filter>src</Filter>
    </ClCompile>
    <ClCompile Include="..\src\memheap.cpp">
      <Filter>src</Filter>
    </ClCompile>
    <ClCompile Include="..\src\GL\glew.c">
      <Filter>src\glew</Filter>
    </ClCompile>
    <ClCompile Include="..\src\GL\glewinfo.c">
      <Filter>src\glew</Filter>
    </ClCompile>
    <ClCompile Include="..\src\GL\visualinfo.c">
      <Filter>src\glew</Filter>
    </ClCompile>
    <ClCompile Include="..\src\SoyEvent.cpp">
      <Filter>src</Filter>
    </ClCompile>
    <ClCompile Include="..\src\SoyMath.cpp">
      <Filter>src</Filter>
    </ClCompile>
    <ClCompile Include="..\src\SoyPng.cpp">
      <Filter>src</Filter>
    </ClCompile>
    <ClCompile Include="..\src\SoyShader.cpp">
      <Filter>src</Filter>
    </ClCompile>
    <ClCompile Include="..\src\SoyCuda.cpp">
      <Filter>src</Filter>
    </ClCompile>
    <ClCompile Include="..\src\SoyDirectx.cpp">
      <Filter>src</Filter>
    </ClCompile>
    <ClCompile Include="..\src\SoySocket.cpp">
      <Filter>src</Filter>
    </ClCompile>
    <ClCompile Include="..\src\SoyProtocol.cpp">
      <Filter>src</Filter>
    </ClCompile>
    <ClCompile Include="..\src\SoyStream.cpp">
      <Filter>src</Filter>
    </ClCompile>
    <ClCompile Include="..\src\SoyHttp.cpp">
      <Filter>src</Filter>
    </ClCompile>
    <ClCompile Include="..\src\SoyUniform.cpp">
      <Filter>src</Filter>
    </ClCompile>
    <ClCompile Include="..\src\SoyRuntimeLibrary.cpp">
      <Filter>src</Filter>
    </ClCompile>
    <ClCompile Include="..\src\SoyWave.cpp">
      <Filter>src</Filter>
    </ClCompile>
    <ClCompile Include="..\src\SoyH264.cpp">
      <Filter>src</Filter>
    </ClCompile>
    <ClCompile Include="..\src\SoyMedia.cpp">
      <Filter>src</Filter>
    </ClCompile>
    <ClCompile Include="..\src\SoySocketStream.cpp">
      <Filter>src</Filter>
    </ClCompile>
    <ClCompile Include="..\src\SoyUnity.cpp">
      <Filter>src</Filter>
    </ClCompile>
    <ClCompile Include="..\src\SoyHttpConnection.cpp">
      <Filter>src</Filter>
    </ClCompile>
    <ClCompile Include="..\src\SoySrt.cpp">
      <Filter>src</Filter>
    </ClCompile>
    <ClCompile Include="..\src\SoyImage.cpp">
      <Filter>src</Filter>
    </ClCompile>
    <ClCompile Include="..\src\SoyFilesystem.cpp">
      <Filter>src</Filter>
    </ClCompile>
    <ClCompile Include="..\src\SoyBase64.cpp">
      <Filter>src</Filter>
    </ClCompile>
    <ClCompile Include="..\src\SoyJson.cpp">
      <Filter>src</Filter>
    </ClCompile>
    <ClCompile Include="..\src\SoyMediaFormat.cpp">
      <Filter>src</Filter>
    </ClCompile>
    <ClCompile Include="..\src\SoyHttpServer.cpp">
      <Filter>src</Filter>
    </ClCompile>
    <ClCompile Include="..\src\SoyMemFile.cpp">
      <Filter>src</Filter>
    </ClCompile>
    <ClCompile Include="..\src\SoyMediaFoundation.cpp">
      <Filter>src</Filter>
    </ClCompile>
  </ItemGroup>
  <ItemGroup>
    <ClInclude Include="..\src\SoyThread.h">
      <Filter>src</Filter>
    </ClInclude>
    <ClInclude Include="..\src\SoyOpengl.h">
      <Filter>src</Filter>
    </ClInclude>
    <ClInclude Include="..\src\SoyOpenglContext.h">
      <Filter>src</Filter>
    </ClInclude>
    <ClInclude Include="..\src\SoyRef.h">
      <Filter>src</Filter>
    </ClInclude>
    <ClInclude Include="..\src\SoyRingArray.h">
      <Filter>src</Filter>
    </ClInclude>
    <ClInclude Include="..\src\SoyScope.h">
      <Filter>src</Filter>
    </ClInclude>
    <ClInclude Include="..\src\SoyString.h">
      <Filter>src</Filter>
    </ClInclude>
    <ClInclude Include="..\src\SoyTime.h">
      <Filter>src</Filter>
    </ClInclude>
    <ClInclude Include="..\src\SoyTypes.h">
      <Filter>src</Filter>
    </ClInclude>
    <ClInclude Include="..\src\SoyTypes_Android.h">
      <Filter>src</Filter>
    </ClInclude>
    <ClInclude Include="..\src\SoyTypes_CoreFoundation.h">
      <Filter>src</Filter>
    </ClInclude>
    <ClInclude Include="..\src\SoyTypes_Windows.h">
      <Filter>src</Filter>
    </ClInclude>
    <ClInclude Include="..\src\SoyVector.h">
      <Filter>src</Filter>
    </ClInclude>
    <ClInclude Include="..\src\scope_ptr.h">
      <Filter>src</Filter>
    </ClInclude>
    <ClInclude Include="..\src\SortArray.h">
      <Filter>src</Filter>
    </ClInclude>
    <ClInclude Include="..\src\SoyArray.h">
      <Filter>src</Filter>
    </ClInclude>
    <ClInclude Include="..\src\SoyAssert.h">
      <Filter>src</Filter>
    </ClInclude>
    <ClInclude Include="..\src\SoyDebug.h">
      <Filter>src</Filter>
    </ClInclude>
    <ClInclude Include="..\src\SoyPixels.h">
      <Filter>src</Filter>
    </ClInclude>
    <ClInclude Include="..\src\stb\stb_image.h">
      <Filter>src\stb</Filter>
    </ClInclude>
    <ClInclude Include="..\src\array.hpp">
      <Filter>src</Filter>
    </ClInclude>
    <ClInclude Include="..\src\bufferarray.hpp">
      <Filter>src</Filter>
    </ClInclude>
    <ClInclude Include="..\src\chartype.hpp">
      <Filter>src</Filter>
    </ClInclude>
    <ClInclude Include="..\src\configure.hpp">
      <Filter>src</Filter>
    </ClInclude>
    <ClInclude Include="..\src\heaparray.hpp">
      <Filter>src</Filter>
    </ClInclude>
    <ClInclude Include="..\src\memheap.hpp">
      <Filter>src</Filter>
    </ClInclude>
    <ClInclude Include="..\src\GL\glew.h">
      <Filter>src\glew</Filter>
    </ClInclude>
    <ClInclude Include="..\src\GL\glxew.h">
      <Filter>src\glew</Filter>
    </ClInclude>
    <ClInclude Include="..\src\GL\wglew.h">
      <Filter>src\glew</Filter>
    </ClInclude>
    <ClInclude Include="..\src\SoyEnum.h">
      <Filter>src</Filter>
    </ClInclude>
    <ClInclude Include="..\src\SoyEvent.h">
      <Filter>src</Filter>
    </ClInclude>
    <ClInclude Include="..\src\soymath.h">
      <Filter>src</Filter>
    </ClInclude>
    <ClInclude Include="..\src\SoyPng.h">
      <Filter>src</Filter>
    </ClInclude>
    <ClInclude Include="..\src\SoyShader.h">
      <Filter>src</Filter>
    </ClInclude>
    <ClInclude Include="..\src\SoyCuda.h">
      <Filter>src</Filter>
    </ClInclude>
    <ClInclude Include="..\src\SoyDirectx.h">
      <Filter>src</Filter>
    </ClInclude>
    <ClInclude Include="..\src\SoySocket.h">
      <Filter>src</Filter>
    </ClInclude>
    <ClInclude Include="..\src\SoyProtocol.h">
      <Filter>src</Filter>
    </ClInclude>
    <ClInclude Include="..\src\SoyStream.h">
      <Filter>src</Filter>
    </ClInclude>
    <ClInclude Include="..\src\SoyHttp.h">
      <Filter>src</Filter>
    </ClInclude>
    <ClInclude Include="..\src\SoyUniform.h">
      <Filter>src</Filter>
    </ClInclude>
    <ClInclude Include="..\src\SoyRuntimeLibrary.h">
      <Filter>src</Filter>
    </ClInclude>
    <ClInclude Include="..\src\SoyWave.h">
      <Filter>src</Filter>
    </ClInclude>
    <ClInclude Include="..\src\SoyH264.h">
      <Filter>src</Filter>
    </ClInclude>
    <ClInclude Include="..\src\SoyMedia.h">
      <Filter>src</Filter>
    </ClInclude>
    <ClInclude Include="..\src\SoySocketStream.h">
      <Filter>src</Filter>
    </ClInclude>
    <ClInclude Include="..\src\SoyUnity.h">
      <Filter>src</Filter>
    </ClInclude>
    <ClInclude Include="..\src\SoyHttpConnection.h">
      <Filter>src</Filter>
    </ClInclude>
    <ClInclude Include="..\src\SoySrt.h">
      <Filter>src</Filter>
    </ClInclude>
    <ClInclude Include="..\src\SoyImage.h">
      <Filter>src</Filter>
    </ClInclude>
    <ClInclude Include="..\src\SoyFilesystem.h">
      <Filter>src</Filter>
    </ClInclude>
    <ClInclude Include="..\src\SoyBase64.h">
      <Filter>src</Filter>
    </ClInclude>
    <ClInclude Include="..\src\SoyAvf.h">
      <Filter>src</Filter>
    </ClInclude>
    <ClInclude Include="..\src\SoyJson.h">
      <Filter>src</Filter>
    </ClInclude>
    <ClInclude Include="..\src\SoyMediaFormat.h">
      <Filter>src</Filter>
    </ClInclude>
    <ClInclude Include="..\src\SoyHttpServer.h">
      <Filter>src</Filter>
    </ClInclude>
    <ClInclude Include="..\src\SoyMemFile.h">
      <Filter>src</Filter>
    </ClInclude>
    <ClInclude Include="..\src\SoyPool.h">
      <Filter>src</Filter>
    </ClInclude>
    <ClInclude Include="..\src\SoyExportManager.h">
      <Filter>src</Filter>
    </ClInclude>
    <ClInclude Include="..\src\RemoteArray.h">
      <Filter>src</Filter>
    </ClInclude>
    <ClInclude Include="..\src\SoyMediaFoundation.h">
      <Filter>src</Filter>
    </ClInclude>
  </ItemGroup>
  <ItemGroup>
    <None Include="..\src\SoyFilesystem.mm">
      <Filter>src</Filter>
    </None>
    <None Include="..\src\SoyAvf.mm">
      <Filter>src</Filter>
    </None>
  </ItemGroup>
</Project>