<?xml version="1.0" encoding="utf-8"?>
<Project ToolsVersion="4.0" xmlns="http://schemas.microsoft.com/developer/msbuild/2003">
  <ItemGroup>
    <Filter Include="src">
      <UniqueIdentifier>{4FC737F1-C7A5-4376-A066-2A32D752A2FF}</UniqueIdentifier>
      <Extensions>cpp;c;cc;cxx;def;odl;idl;hpj;bat;asm;asmx</Extensions>
    </Filter>
  </ItemGroup>
  <ItemGroup>
    <ClCompile Include="..\src\SoyThread.cpp">
      <Filter>src</Filter>
    </ClCompile>
    <ClCompile Include="..\src\SoyOpengl.cpp">
      <Filter>src</Filter>
    </ClCompile>
    <ClCompile Include="..\src\SoyOpenglContext.cpp">
      <Filter>src</Filter>
    </ClCompile>
    <ClCompile Include="..\src\SoyRef.cpp">
      <Filter>src</Filter>
    </ClCompile>
    <ClCompile Include="..\src\SoyRingArray.cpp">
      <Filter>src</Filter>
    </ClCompile>
    <ClCompile Include="..\src\SoyScope.cpp">
      <Filter>src</Filter>
    </ClCompile>
    <ClCompile Include="..\src\SoyString.cpp">
      <Filter>src</Filter>
    </ClCompile>
    <ClCompile Include="..\src\SoyTime.cpp">
      <Filter>src</Filter>
    </ClCompile>
    <ClCompile Include="..\src\SoyTypes.cpp">
      <Filter>src</Filter>
    </ClCompile>
    <ClCompile Include="..\src\SoyVector.cpp">
      <Filter>src</Filter>
    </ClCompile>
    <ClCompile Include="..\src\SoyArray.cpp">
      <Filter>src</Filter>
    </ClCompile>
    <ClCompile Include="..\src\SoyAssert.cpp">
      <Filter>src</Filter>
    </ClCompile>
    <ClCompile Include="..\src\SoyDebug.cpp">
      <Filter>src</Filter>
    </ClCompile>
    <ClCompile Include="..\src\SoyPixels.cpp">
      <Filter>src</Filter>
    </ClCompile>
  </ItemGroup>
  <ItemGroup>
    <ClInclude Include="..\src\SoyThread.h">
      <Filter>src</Filter>
    </ClInclude>
    <ClInclude Include="..\src\SoyOpengl.h">
      <Filter>src</Filter>
    </ClInclude>
    <ClInclude Include="..\src\SoyOpenglContext.h">
      <Filter>src</Filter>
    </ClInclude>
    <ClInclude Include="..\src\SoyRef.h">
      <Filter>src</Filter>
    </ClInclude>
    <ClInclude Include="..\src\SoyRingArray.h">
      <Filter>src</Filter>
    </ClInclude>
    <ClInclude Include="..\src\SoyScope.h">
      <Filter>src</Filter>
    </ClInclude>
    <ClInclude Include="..\src\SoyString.h">
      <Filter>src</Filter>
    </ClInclude>
    <ClInclude Include="..\src\SoyTime.h">
      <Filter>src</Filter>
    </ClInclude>
    <ClInclude Include="..\src\SoyTypes.h">
      <Filter>src</Filter>
    </ClInclude>
    <ClInclude Include="..\src\SoyTypes_Android.h">
      <Filter>src</Filter>
    </ClInclude>
    <ClInclude Include="..\src\SoyTypes_CoreFoundation.h">
      <Filter>src</Filter>
    </ClInclude>
    <ClInclude Include="..\src\SoyTypes_Windows.h">
      <Filter>src</Filter>
    </ClInclude>
    <ClInclude Include="..\src\SoyVector.h">
      <Filter>src</Filter>
    </ClInclude>
    <ClInclude Include="..\src\scope_ptr.h">
      <Filter>src</Filter>
    </ClInclude>
    <ClInclude Include="..\src\SortArray.h">
      <Filter>src</Filter>
    </ClInclude>
    <ClInclude Include="..\src\SoyArray.h">
      <Filter>src</Filter>
    </ClInclude>
    <ClInclude Include="..\src\SoyAssert.h">
      <Filter>src</Filter>
    </ClInclude>
    <ClInclude Include="..\src\SoyDebug.h">
      <Filter>src</Filter>
    </ClInclude>
    <ClInclude Include="..\src\SoyPixels.h">
      <Filter>src</Filter>
    </ClInclude>
  </ItemGroup>
</Project>